// !$*UTF8*$!
{
	archiveVersion = 1;
	classes = {
	};
	objectVersion = 51;
	objects = {

/* Begin PBXBuildFile section */
		C105C8273453367328520757 /* Pods_FlowerRecognition.framework in Frameworks */ = {isa = PBXBuildFile; fileRef = DCF064063A70180D68DA00DB /* Pods_FlowerRecognition.framework */; };
		DE37D71A2309E73B000D319B /* AppDelegate.swift in Sources */ = {isa = PBXBuildFile; fileRef = DE37D7192309E73B000D319B /* AppDelegate.swift */; };
		DE37D71C2309E73B000D319B /* ViewController.swift in Sources */ = {isa = PBXBuildFile; fileRef = DE37D71B2309E73B000D319B /* ViewController.swift */; };
		DE37D71F2309E73B000D319B /* Main.storyboard in Resources */ = {isa = PBXBuildFile; fileRef = DE37D71D2309E73B000D319B /* Main.storyboard */; };
		DE37D7212309E73C000D319B /* Assets.xcassets in Resources */ = {isa = PBXBuildFile; fileRef = DE37D7202309E73C000D319B /* Assets.xcassets */; };
		DE37D7242309E73C000D319B /* LaunchScreen.storyboard in Resources */ = {isa = PBXBuildFile; fileRef = DE37D7222309E73C000D319B /* LaunchScreen.storyboard */; };
		DE37D72C2309EEF3000D319B /* FlowerClassifier.mlmodel in Sources */ = {isa = PBXBuildFile; fileRef = DE37D72B2309EEF3000D319B /* FlowerClassifier.mlmodel */; };
		DE37D72E230A9323000D319B /* bharath.mlmodel in Sources */ = {isa = PBXBuildFile; fileRef = DE37D72D230A9323000D319B /* bharath.mlmodel */; };
/* End PBXBuildFile section */

/* Begin PBXFileReference section */
		51D6694B357D189F54A10F9D /* Pods-FlowerRecognition.debug.xcconfig */ = {isa = PBXFileReference; includeInIndex = 1; lastKnownFileType = text.xcconfig; name = "Pods-FlowerRecognition.debug.xcconfig"; path = "Target Support Files/Pods-FlowerRecognition/Pods-FlowerRecognition.debug.xcconfig"; sourceTree = "<group>"; };
		DCF064063A70180D68DA00DB /* Pods_FlowerRecognition.framework */ = {isa = PBXFileReference; explicitFileType = wrapper.framework; includeInIndex = 0; path = Pods_FlowerRecognition.framework; sourceTree = BUILT_PRODUCTS_DIR; };
		DE37D7162309E73B000D319B /* FlowerRecognition.app */ = {isa = PBXFileReference; explicitFileType = wrapper.application; includeInIndex = 0; path = FlowerRecognition.app; sourceTree = BUILT_PRODUCTS_DIR; };
		DE37D7192309E73B000D319B /* AppDelegate.swift */ = {isa = PBXFileReference; lastKnownFileType = sourcecode.swift; path = AppDelegate.swift; sourceTree = "<group>"; };
		DE37D71B2309E73B000D319B /* ViewController.swift */ = {isa = PBXFileReference; lastKnownFileType = sourcecode.swift; path = ViewController.swift; sourceTree = "<group>"; };
		DE37D71E2309E73B000D319B /* Base */ = {isa = PBXFileReference; lastKnownFileType = file.storyboard; name = Base; path = Base.lproj/Main.storyboard; sourceTree = "<group>"; };
		DE37D7202309E73C000D319B /* Assets.xcassets */ = {isa = PBXFileReference; lastKnownFileType = folder.assetcatalog; path = Assets.xcassets; sourceTree = "<group>"; };
		DE37D7232309E73C000D319B /* Base */ = {isa = PBXFileReference; lastKnownFileType = file.storyboard; name = Base; path = Base.lproj/LaunchScreen.storyboard; sourceTree = "<group>"; };
		DE37D7252309E73C000D319B /* Info.plist */ = {isa = PBXFileReference; lastKnownFileType = text.plist.xml; path = Info.plist; sourceTree = "<group>"; };
		DE37D72B2309EEF3000D319B /* FlowerClassifier.mlmodel */ = {isa = PBXFileReference; lastKnownFileType = file.mlmodel; path = FlowerClassifier.mlmodel; sourceTree = "<group>"; };
		DE37D72D230A9323000D319B /* bharath.mlmodel */ = {isa = PBXFileReference; lastKnownFileType = file.mlmodel; path = bharath.mlmodel; sourceTree = "<group>"; };
		E130E974488574C8DA97084D /* Pods-FlowerRecognition.release.xcconfig */ = {isa = PBXFileReference; includeInIndex = 1; lastKnownFileType = text.xcconfig; name = "Pods-FlowerRecognition.release.xcconfig"; path = "Target Support Files/Pods-FlowerRecognition/Pods-FlowerRecognition.release.xcconfig"; sourceTree = "<group>"; };
/* End PBXFileReference section */

/* Begin PBXFrameworksBuildPhase section */
		DE37D7132309E73B000D319B /* Frameworks */ = {
			isa = PBXFrameworksBuildPhase;
			buildActionMask = 2147483647;
			files = (
				C105C8273453367328520757 /* Pods_FlowerRecognition.framework in Frameworks */,
			);
			runOnlyForDeploymentPostprocessing = 0;
		};
/* End PBXFrameworksBuildPhase section */

/* Begin PBXGroup section */
		C94F32C99A06ACB53B7BB65D /* Pods */ = {
			isa = PBXGroup;
			children = (
				51D6694B357D189F54A10F9D /* Pods-FlowerRecognition.debug.xcconfig */,
				E130E974488574C8DA97084D /* Pods-FlowerRecognition.release.xcconfig */,
			);
			path = Pods;
			sourceTree = "<group>";
		};
		DAF2564CA1CEBBCBF85FDD70 /* Frameworks */ = {
			isa = PBXGroup;
			children = (
				DCF064063A70180D68DA00DB /* Pods_FlowerRecognition.framework */,
			);
			name = Frameworks;
			sourceTree = "<group>";
		};
		DE37D70D2309E73B000D319B = {
			isa = PBXGroup;
			children = (
				DE37D7182309E73B000D319B /* FlowerRecognition */,
				DE37D7172309E73B000D319B /* Products */,
				C94F32C99A06ACB53B7BB65D /* Pods */,
				DAF2564CA1CEBBCBF85FDD70 /* Frameworks */,
			);
			sourceTree = "<group>";
		};
		DE37D7172309E73B000D319B /* Products */ = {
			isa = PBXGroup;
			children = (
				DE37D7162309E73B000D319B /* FlowerRecognition.app */,
			);
			name = Products;
			sourceTree = "<group>";
		};
		DE37D7182309E73B000D319B /* FlowerRecognition */ = {
			isa = PBXGroup;
			children = (
				DE37D72D230A9323000D319B /* bharath.mlmodel */,
				DE37D72B2309EEF3000D319B /* FlowerClassifier.mlmodel */,
				DE37D7192309E73B000D319B /* AppDelegate.swift */,
				DE37D71B2309E73B000D319B /* ViewController.swift */,
				DE37D71D2309E73B000D319B /* Main.storyboard */,
				DE37D7202309E73C000D319B /* Assets.xcassets */,
				DE37D7222309E73C000D319B /* LaunchScreen.storyboard */,
				DE37D7252309E73C000D319B /* Info.plist */,
			);
			path = FlowerRecognition;
			sourceTree = "<group>";
		};
/* End PBXGroup section */

/* Begin PBXNativeTarget section */
		DE37D7152309E73B000D319B /* FlowerRecognition */ = {
			isa = PBXNativeTarget;
			buildConfigurationList = DE37D7282309E73C000D319B /* Build configuration list for PBXNativeTarget "FlowerRecognition" */;
			buildPhases = (
				4A371E0DFCE21106DA8C7E98 /* [CP] Check Pods Manifest.lock */,
				DE37D7122309E73B000D319B /* Sources */,
				DE37D7132309E73B000D319B /* Frameworks */,
				DE37D7142309E73B000D319B /* Resources */,
				55750BE156D15FEDF2BB2254 /* [CP] Embed Pods Frameworks */,
			);
			buildRules = (
			);
			dependencies = (
			);
			name = FlowerRecognition;
			productName = FlowerRecognition;
			productReference = DE37D7162309E73B000D319B /* FlowerRecognition.app */;
			productType = "com.apple.product-type.application";
		};
/* End PBXNativeTarget section */

/* Begin PBXProject section */
		DE37D70E2309E73B000D319B /* Project object */ = {
			isa = PBXProject;
			attributes = {
				LastSwiftUpdateCheck = 1020;
				LastUpgradeCheck = 1020;
				ORGANIZATIONNAME = cex;
				TargetAttributes = {
					DE37D7152309E73B000D319B = {
						CreatedOnToolsVersion = 10.2.1;
					};
				};
			};
			buildConfigurationList = DE37D7112309E73B000D319B /* Build configuration list for PBXProject "FlowerRecognition" */;
			compatibilityVersion = "Xcode 9.3";
			developmentRegion = en;
			hasScannedForEncodings = 0;
			knownRegions = (
				en,
				Base,
			);
			mainGroup = DE37D70D2309E73B000D319B;
			productRefGroup = DE37D7172309E73B000D319B /* Products */;
			projectDirPath = "";
			projectRoot = "";
			targets = (
				DE37D7152309E73B000D319B /* FlowerRecognition */,
			);
		};
/* End PBXProject section */

/* Begin PBXResourcesBuildPhase section */
		DE37D7142309E73B000D319B /* Resources */ = {
			isa = PBXResourcesBuildPhase;
			buildActionMask = 2147483647;
			files = (
				DE37D7242309E73C000D319B /* LaunchScreen.storyboard in Resources */,
				DE37D7212309E73C000D319B /* Assets.xcassets in Resources */,
				DE37D71F2309E73B000D319B /* Main.storyboard in Resources */,
			);
			runOnlyForDeploymentPostprocessing = 0;
		};
/* End PBXResourcesBuildPhase section */

/* Begin PBXShellScriptBuildPhase section */
		4A371E0DFCE21106DA8C7E98 /* [CP] Check Pods Manifest.lock */ = {
			isa = PBXShellScriptBuildPhase;
			buildActionMask = 2147483647;
			files = (
			);
			inputFileListPaths = (
			);
			inputPaths = (
				"${PODS_PODFILE_DIR_PATH}/Podfile.lock",
				"${PODS_ROOT}/Manifest.lock",
			);
			name = "[CP] Check Pods Manifest.lock";
			outputFileListPaths = (
			);
			outputPaths = (
				"$(DERIVED_FILE_DIR)/Pods-FlowerRecognition-checkManifestLockResult.txt",
			);
			runOnlyForDeploymentPostprocessing = 0;
			shellPath = /bin/sh;
			shellScript = "diff \"${PODS_PODFILE_DIR_PATH}/Podfile.lock\" \"${PODS_ROOT}/Manifest.lock\" > /dev/null\nif [ $? != 0 ] ; then\n    # print error to STDERR\n    echo \"error: The sandbox is not in sync with the Podfile.lock. Run 'pod install' or update your CocoaPods installation.\" >&2\n    exit 1\nfi\n# This output is used by Xcode 'outputs' to avoid re-running this script phase.\necho \"SUCCESS\" > \"${SCRIPT_OUTPUT_FILE_0}\"\n";
			showEnvVarsInLog = 0;
		};
		55750BE156D15FEDF2BB2254 /* [CP] Embed Pods Frameworks */ = {
			isa = PBXShellScriptBuildPhase;
			buildActionMask = 2147483647;
			files = (
			);
			inputFileListPaths = (
				"${PODS_ROOT}/Target Support Files/Pods-FlowerRecognition/Pods-FlowerRecognition-frameworks-${CONFIGURATION}-input-files.xcfilelist",
			);
			name = "[CP] Embed Pods Frameworks";
			outputFileListPaths = (
				"${PODS_ROOT}/Target Support Files/Pods-FlowerRecognition/Pods-FlowerRecognition-frameworks-${CONFIGURATION}-output-files.xcfilelist",
			);
			runOnlyForDeploymentPostprocessing = 0;
			shellPath = /bin/sh;
			shellScript = "\"${PODS_ROOT}/Target Support Files/Pods-FlowerRecognition/Pods-FlowerRecognition-frameworks.sh\"\n";
			showEnvVarsInLog = 0;
		};
/* End PBXShellScriptBuildPhase section */

/* Begin PBXSourcesBuildPhase section */
		DE37D7122309E73B000D319B /* Sources */ = {
			isa = PBXSourcesBuildPhase;
			buildActionMask = 2147483647;
			files = (
				DE37D72C2309EEF3000D319B /* FlowerClassifier.mlmodel in Sources */,
				DE37D72E230A9323000D319B /* bharath.mlmodel in Sources */,
				DE37D71C2309E73B000D319B /* ViewController.swift in Sources */,
				DE37D71A2309E73B000D319B /* AppDelegate.swift in Sources */,
			);
			runOnlyForDeploymentPostprocessing = 0;
		};
/* End PBXSourcesBuildPhase section */

/* Begin PBXVariantGroup section */
		DE37D71D2309E73B000D319B /* Main.storyboard */ = {
			isa = PBXVariantGroup;
			children = (
				DE37D71E2309E73B000D319B /* Base */,
			);
			name = Main.storyboard;
			sourceTree = "<group>";
		};
		DE37D7222309E73C000D319B /* LaunchScreen.storyboard */ = {
			isa = PBXVariantGroup;
			children = (
				DE37D7232309E73C000D319B /* Base */,
			);
			name = LaunchScreen.storyboard;
			sourceTree = "<group>";
		};
/* End PBXVariantGroup section */

/* Begin XCBuildConfiguration section */
		DE37D7262309E73C000D319B /* Debug */ = {
			isa = XCBuildConfiguration;
			buildSettings = {
				ALWAYS_SEARCH_USER_PATHS = NO;
				CLANG_ANALYZER_NONNULL = YES;
				CLANG_ANALYZER_NUMBER_OBJECT_CONVERSION = YES_AGGRESSIVE;
				CLANG_CXX_LANGUAGE_STANDARD = "gnu++14";
				CLANG_CXX_LIBRARY = "libc++";
				CLANG_ENABLE_MODULES = YES;
				CLANG_ENABLE_OBJC_ARC = YES;
				CLANG_ENABLE_OBJC_WEAK = YES;
				CLANG_WARN_BLOCK_CAPTURE_AUTORELEASING = YES;
				CLANG_WARN_BOOL_CONVERSION = YES;
				CLANG_WARN_COMMA = YES;
				CLANG_WARN_CONSTANT_CONVERSION = YES;
				CLANG_WARN_DEPRECATED_OBJC_IMPLEMENTATIONS = YES;
				CLANG_WARN_DIRECT_OBJC_ISA_USAGE = YES_ERROR;
				CLANG_WARN_DOCUMENTATION_COMMENTS = YES;
				CLANG_WARN_EMPTY_BODY = YES;
				CLANG_WARN_ENUM_CONVERSION = YES;
				CLANG_WARN_INFINITE_RECURSION = YES;
				CLANG_WARN_INT_CONVERSION = YES;
				CLANG_WARN_NON_LITERAL_NULL_CONVERSION = YES;
				CLANG_WARN_OBJC_IMPLICIT_RETAIN_SELF = YES;
				CLANG_WARN_OBJC_LITERAL_CONVERSION = YES;
				CLANG_WARN_OBJC_ROOT_CLASS = YES_ERROR;
				CLANG_WARN_RANGE_LOOP_ANALYSIS = YES;
				CLANG_WARN_STRICT_PROTOTYPES = YES;
				CLANG_WARN_SUSPICIOUS_MOVE = YES;
				CLANG_WARN_UNGUARDED_AVAILABILITY = YES_AGGRESSIVE;
				CLANG_WARN_UNREACHABLE_CODE = YES;
				CLANG_WARN__DUPLICATE_METHOD_MATCH = YES;
				CODE_SIGN_IDENTITY = "iPhone Developer";
				COPY_PHASE_STRIP = NO;
				DEBUG_INFORMATION_FORMAT = dwarf;
				ENABLE_STRICT_OBJC_MSGSEND = YES;
				ENABLE_TESTABILITY = YES;
				GCC_C_LANGUAGE_STANDARD = gnu11;
				GCC_DYNAMIC_NO_PIC = NO;
				GCC_NO_COMMON_BLOCKS = YES;
				GCC_OPTIMIZATION_LEVEL = 0;
				GCC_PREPROCESSOR_DEFINITIONS = (
					"DEBUG=1",
					"$(inherited)",
				);
				GCC_WARN_64_TO_32_BIT_CONVERSION = YES;
				GCC_WARN_ABOUT_RETURN_TYPE = YES_ERROR;
				GCC_WARN_UNDECLARED_SELECTOR = YES;
				GCC_WARN_UNINITIALIZED_AUTOS = YES_AGGRESSIVE;
				GCC_WARN_UNUSED_FUNCTION = YES;
				GCC_WARN_UNUSED_VARIABLE = YES;
				IPHONEOS_DEPLOYMENT_TARGET = 12.2;
				MTL_ENABLE_DEBUG_INFO = INCLUDE_SOURCE;
				MTL_FAST_MATH = YES;
				ONLY_ACTIVE_ARCH = YES;
				SDKROOT = iphoneos;
				SWIFT_ACTIVE_COMPILATION_CONDITIONS = DEBUG;
				SWIFT_OPTIMIZATION_LEVEL = "-Onone";
			};
			name = Debug;
		};
		DE37D7272309E73C000D319B /* Release */ = {
			isa = XCBuildConfiguration;
			buildSettings = {
				ALWAYS_SEARCH_USER_PATHS = NO;
				CLANG_ANALYZER_NONNULL = YES;
				CLANG_ANALYZER_NUMBER_OBJECT_CONVERSION = YES_AGGRESSIVE;
				CLANG_CXX_LANGUAGE_STANDARD = "gnu++14";
				CLANG_CXX_LIBRARY = "libc++";
				CLANG_ENABLE_MODULES = YES;
				CLANG_ENABLE_OBJC_ARC = YES;
				CLANG_ENABLE_OBJC_WEAK = YES;
				CLANG_WARN_BLOCK_CAPTURE_AUTORELEASING = YES;
				CLANG_WARN_BOOL_CONVERSION = YES;
				CLANG_WARN_COMMA = YES;
				CLANG_WARN_CONSTANT_CONVERSION = YES;
				CLANG_WARN_DEPRECATED_OBJC_IMPLEMENTATIONS = YES;
				CLANG_WARN_DIRECT_OBJC_ISA_USAGE = YES_ERROR;
				CLANG_WARN_DOCUMENTATION_COMMENTS = YES;
				CLANG_WARN_EMPTY_BODY = YES;
				CLANG_WARN_ENUM_CONVERSION = YES;
				CLANG_WARN_INFINITE_RECURSION = YES;
				CLANG_WARN_INT_CONVERSION = YES;
				CLANG_WARN_NON_LITERAL_NULL_CONVERSION = YES;
				CLANG_WARN_OBJC_IMPLICIT_RETAIN_SELF = YES;
				CLANG_WARN_OBJC_LITERAL_CONVERSION = YES;
				CLANG_WARN_OBJC_ROOT_CLASS = YES_ERROR;
				CLANG_WARN_RANGE_LOOP_ANALYSIS = YES;
				CLANG_WARN_STRICT_PROTOTYPES = YES;
				CLANG_WARN_SUSPICIOUS_MOVE = YES;
				CLANG_WARN_UNGUARDED_AVAILABILITY = YES_AGGRESSIVE;
				CLANG_WARN_UNREACHABLE_CODE = YES;
				CLANG_WARN__DUPLICATE_METHOD_MATCH = YES;
				CODE_SIGN_IDENTITY = "iPhone Developer";
				COPY_PHASE_STRIP = NO;
				DEBUG_INFORMATION_FORMAT = "dwarf-with-dsym";
				ENABLE_NS_ASSERTIONS = NO;
				ENABLE_STRICT_OBJC_MSGSEND = YES;
				GCC_C_LANGUAGE_STANDARD = gnu11;
				GCC_NO_COMMON_BLOCKS = YES;
				GCC_WARN_64_TO_32_BIT_CONVERSION = YES;
				GCC_WARN_ABOUT_RETURN_TYPE = YES_ERROR;
				GCC_WARN_UNDECLARED_SELECTOR = YES;
				GCC_WARN_UNINITIALIZED_AUTOS = YES_AGGRESSIVE;
				GCC_WARN_UNUSED_FUNCTION = YES;
				GCC_WARN_UNUSED_VARIABLE = YES;
				IPHONEOS_DEPLOYMENT_TARGET = 12.2;
				MTL_ENABLE_DEBUG_INFO = NO;
				MTL_FAST_MATH = YES;
				SDKROOT = iphoneos;
				SWIFT_COMPILATION_MODE = wholemodule;
				SWIFT_OPTIMIZATION_LEVEL = "-O";
				VALIDATE_PRODUCT = YES;
			};
			name = Release;
		};
		DE37D7292309E73C000D319B /* Debug */ = {
			isa = XCBuildConfiguration;
			baseConfigurationReference = 51D6694B357D189F54A10F9D /* Pods-FlowerRecognition.debug.xcconfig */;
			buildSettings = {
				ASSETCATALOG_COMPILER_APPICON_NAME = AppIcon;
				CODE_SIGN_STYLE = Automatic;
				DEVELOPMENT_TEAM = CA76J2NQC2;
				INFOPLIST_FILE = FlowerRecognition/Info.plist;
				LD_RUNPATH_SEARCH_PATHS = (
					"$(inherited)",
					"@executable_path/Frameworks",
				);
				PRODUCT_BUNDLE_IDENTIFIER = com.BHARATH.FlowerRecognition;
				PRODUCT_NAME = "$(TARGET_NAME)";
				SWIFT_VERSION = 5.0;
				TARGETED_DEVICE_FAMILY = "1,2";
			};
			name = Debug;
		};
		DE37D72A2309E73C000D319B /* Release */ = {
			isa = XCBuildConfiguration;
			baseConfigurationReference = E130E974488574C8DA97084D /* Pods-FlowerRecognition.release.xcconfig */;
			buildSettings = {
				ASSETCATALOG_COMPILER_APPICON_NAME = AppIcon;
				CODE_SIGN_STYLE = Automatic;
				DEVELOPMENT_TEAM = CA76J2NQC2;
				INFOPLIST_FILE = FlowerRecognition/Info.plist;
				LD_RUNPATH_SEARCH_PATHS = (
					"$(inherited)",
					"@executable_path/Frameworks",
				);
				PRODUCT_BUNDLE_IDENTIFIER = com.BHARATH.FlowerRecognition;
				PRODUCT_NAME = "$(TARGET_NAME)";
				SWIFT_VERSION = 5.0;
				TARGETED_DEVICE_FAMILY = "1,2";
			};
			name = Release;
		};
/* End XCBuildConfiguration section */

/* Begin XCConfigurationList section */
		DE37D7112309E73B000D319B /* Build configuration list for PBXProject "FlowerRecognition" */ = {
			isa = XCConfigurationList;
			buildConfigurations = (
				DE37D7262309E73C000D319B /* Debug */,
				DE37D7272309E73C000D319B /* Release */,
			);
			defaultConfigurationIsVisible = 0;
			defaultConfigurationName = Release;
		};
		DE37D7282309E73C000D319B /* Build configuration list for PBXNativeTarget "FlowerRecognition" */ = {
			isa = XCConfigurationList;
			buildConfigurations = (
				DE37D7292309E73C000D319B /* Debug */,
				DE37D72A2309E73C000D319B /* Release */,
			);
			defaultConfigurationIsVisible = 0;
			defaultConfigurationName = Release;
		};
/* End XCConfigurationList section */
	};
	rootObject = DE37D70E2309E73B000D319B /* Project object */;
}
